
Microsoft Visual Studio Solution File, Format Version 12.00
# Visual Studio Version 17
VisualStudioVersion = 17.3.32929.385
MinimumVisualStudioVersion = 10.0.40219.1
Project("{FAE04EC0-301F-11D3-BF4B-00C04F79EFBC}") = "API.Project", "MVC.Project\API.Project.csproj", "{D2057BE1-7A14-4623-860C-A1A3CB600E52}"
EndProject
Project("{FAE04EC0-301F-11D3-BF4B-00C04F79EFBC}") = "API.Domain", "API.Domain\API.Domain.csproj", "{5A11DEE3-789C-4BD0-BCC1-5BA2AEC49A22}"
EndProject
Project("{FAE04EC0-301F-11D3-BF4B-00C04F79EFBC}") = "API.Application", "API.Application\API.Application.csproj", "{4B7A4DCC-30A9-44DF-A201-6522424C9B2F}"
EndProject
Project("{FAE04EC0-301F-11D3-BF4B-00C04F79EFBC}") = "API.DTO", "API.DTO\API.DTO.csproj", "{48EEDAFD-7589-4446-A40C-F4CD7C8941D8}"
EndProject
Project("{FAE04EC0-301F-11D3-BF4B-00C04F79EFBC}") = "API.DataAccess", "API.DataAccess\API.DataAccess.csproj", "{F9AD1E64-1983-4E5A-BB5C-2DD74631D1DC}"
EndProject
Global
	GlobalSection(SolutionConfigurationPlatforms) = preSolution
		Debug|Any CPU = Debug|Any CPU
		Release|Any CPU = Release|Any CPU
	EndGlobalSection
	GlobalSection(ProjectConfigurationPlatforms) = postSolution
		{D2057BE1-7A14-4623-860C-A1A3CB600E52}.Debug|Any CPU.ActiveCfg = Debug|Any CPU
		{D2057BE1-7A14-4623-860C-A1A3CB600E52}.Debug|Any CPU.Build.0 = Debug|Any CPU
		{D2057BE1-7A14-4623-860C-A1A3CB600E52}.Release|Any CPU.ActiveCfg = Release|Any CPU
		{D2057BE1-7A14-4623-860C-A1A3CB600E52}.Release|Any CPU.Build.0 = Release|Any CPU
		{5A11DEE3-789C-4BD0-BCC1-5BA2AEC49A22}.Debug|Any CPU.ActiveCfg = Debug|Any CPU
		{5A11DEE3-789C-4BD0-BCC1-5BA2AEC49A22}.Debug|Any CPU.Build.0 = Debug|Any CPU
		{5A11DEE3-789C-4BD0-BCC1-5BA2AEC49A22}.Release|Any CPU.ActiveCfg = Release|Any CPU
		{5A11DEE3-789C-4BD0-BCC1-5BA2AEC49A22}.Release|Any CPU.Build.0 = Release|Any CPU
		{4B7A4DCC-30A9-44DF-A201-6522424C9B2F}.Debug|Any CPU.ActiveCfg = Debug|Any CPU
		{4B7A4DCC-30A9-44DF-A201-6522424C9B2F}.Debug|Any CPU.Build.0 = Debug|Any CPU
		{4B7A4DCC-30A9-44DF-A201-6522424C9B2F}.Release|Any CPU.ActiveCfg = Release|Any CPU
		{4B7A4DCC-30A9-44DF-A201-6522424C9B2F}.Release|Any CPU.Build.0 = Release|Any CPU
		{48EEDAFD-7589-4446-A40C-F4CD7C8941D8}.Debug|Any CPU.ActiveCfg = Debug|Any CPU
		{48EEDAFD-7589-4446-A40C-F4CD7C8941D8}.Debug|Any CPU.Build.0 = Debug|Any CPU
		{48EEDAFD-7589-4446-A40C-F4CD7C8941D8}.Release|Any CPU.ActiveCfg = Release|Any CPU
		{48EEDAFD-7589-4446-A40C-F4CD7C8941D8}.Release|Any CPU.Build.0 = Release|Any CPU
		{F9AD1E64-1983-4E5A-BB5C-2DD74631D1DC}.Debug|Any CPU.ActiveCfg = Debug|Any CPU
		{F9AD1E64-1983-4E5A-BB5C-2DD74631D1DC}.Debug|Any CPU.Build.0 = Debug|Any CPU
		{F9AD1E64-1983-4E5A-BB5C-2DD74631D1DC}.Release|Any CPU.ActiveCfg = Release|Any CPU
		{F9AD1E64-1983-4E5A-BB5C-2DD74631D1DC}.Release|Any CPU.Build.0 = Release|Any CPU
	EndGlobalSection
	GlobalSection(SolutionProperties) = preSolution
		HideSolutionNode = FALSE
	EndGlobalSection
	GlobalSection(ExtensibilityGlobals) = postSolution
		SolutionGuid = {03F665B2-8A8A-4785-A5B0-88BDF452AB29}
	EndGlobalSection
EndGlobal
